Microsoft Visual Studio Solution File, Format Version 12.00
# Visual Studio 2012
Project("{FAE04EC0-301F-11D3-BF4B-00C04F79EFBC}") = "SandBoxGame", "SandBoxGame.csproj", "{BF6179BF-B8D9-4EF4-AC42-F23F3580DAAF}"
EndProject
Global
	GlobalSection(SolutionConfigurationPlatforms) = preSolution
	Debug|Any CPU = Debug|Any CPU
	ExportDebug|Any CPU = ExportDebug|Any CPU
	ExportRelease|Any CPU = ExportRelease|Any CPU
	EndGlobalSection
	GlobalSection(ProjectConfigurationPlatforms) = postSolution
		{BF6179BF-B8D9-4EF4-AC42-F23F3580DAAF}.Debug|Any CPU.ActiveCfg = Debug|Any CPU
		{BF6179BF-B8D9-4EF4-AC42-F23F3580DAAF}.Debug|Any CPU.Build.0 = Debug|Any CPU
		{BF6179BF-B8D9-4EF4-AC42-F23F3580DAAF}.ExportDebug|Any CPU.ActiveCfg = ExportDebug|Any CPU
		{BF6179BF-B8D9-4EF4-AC42-F23F3580DAAF}.ExportDebug|Any CPU.Build.0 = ExportDebug|Any CPU
		{BF6179BF-B8D9-4EF4-AC42-F23F3580DAAF}.ExportRelease|Any CPU.ActiveCfg = ExportRelease|Any CPU
		{BF6179BF-B8D9-4EF4-AC42-F23F3580DAAF}.ExportRelease|Any CPU.Build.0 = ExportRelease|Any CPU
	EndGlobalSection
EndGlobal
